
Microsoft Visual Studio Solution File, Format Version 12.00
# Visual Studio Version 17
VisualStudioVersion = 17.3.32811.315
MinimumVisualStudioVersion = 10.0.40219.1
Project("{FAE04EC0-301F-11D3-BF4B-00C04F79EFBC}") = "Console_programlama1", "Console_programlama1\Console_programlama1.csproj", "{615BB46E-47E7-4507-A250-591151E6127A}"
EndProject
Global
	GlobalSection(SolutionConfigurationPlatforms) = preSolution
		Debug|Any CPU = Debug|Any CPU
		Release|Any CPU = Release|Any CPU
	EndGlobalSection
	GlobalSection(ProjectConfigurationPlatforms) = postSolution
		{615BB46E-47E7-4507-A250-591151E6127A}.Debug|Any CPU.ActiveCfg = Debug|Any CPU
		{615BB46E-47E7-4507-A250-591151E6127A}.Debug|Any CPU.Build.0 = Debug|Any CPU
		{615BB46E-47E7-4507-A250-591151E6127A}.Release|Any CPU.ActiveCfg = Release|Any CPU
		{615BB46E-47E7-4507-A250-591151E6127A}.Release|Any CPU.Build.0 = Release|Any CPU
	EndGlobalSection
	GlobalSection(SolutionProperties) = preSolution
		HideSolutionNode = FALSE
	EndGlobalSection
	GlobalSection(ExtensibilityGlobals) = postSolution
		SolutionGuid = {B419CF86-F02E-4CAF-A232-EC25BDAF30D0}
	EndGlobalSection
EndGlobal
